
Microsoft Visual Studio Solution File, Format Version 12.00
Project("{FAE04EC0-301F-11D3-BF4B-00C04F79EFBC}") = "Jcd.Reflection", "Jcd.Reflection\Jcd.Reflection.csproj", "{1C115F05-8E3F-4145-93E1-E6EE25E252F5}"
EndProject
Project("{FAE04EC0-301F-11D3-BF4B-00C04F79EFBC}") = "Jcd.Reflection.Tests", "Jcd.Reflection.Tests\Jcd.Reflection.Tests.csproj", "{68505ECD-18FF-4EEC-81DD-77F461D21A37}"
EndProject
Project("{FAE04EC0-301F-11D3-BF4B-00C04F79EFBC}") = "Jcd.Reflection.Examples", "Jcd.Reflection.Examples\Jcd.Reflection.Examples.csproj", "{E07DEE4C-4CC4-4D92-9821-DED720A798A1}"
EndProject
Global
	GlobalSection(SolutionConfigurationPlatforms) = preSolution
		Debug|Any CPU = Debug|Any CPU
		Release|Any CPU = Release|Any CPU
	EndGlobalSection
	GlobalSection(ProjectConfigurationPlatforms) = postSolution
		{1C115F05-8E3F-4145-93E1-E6EE25E252F5}.Debug|Any CPU.ActiveCfg = Debug|Any CPU
		{1C115F05-8E3F-4145-93E1-E6EE25E252F5}.Debug|Any CPU.Build.0 = Debug|Any CPU
		{1C115F05-8E3F-4145-93E1-E6EE25E252F5}.Release|Any CPU.ActiveCfg = Release|Any CPU
		{1C115F05-8E3F-4145-93E1-E6EE25E252F5}.Release|Any CPU.Build.0 = Release|Any CPU
		{68505ECD-18FF-4EEC-81DD-77F461D21A37}.Debug|Any CPU.ActiveCfg = Debug|Any CPU
		{68505ECD-18FF-4EEC-81DD-77F461D21A37}.Debug|Any CPU.Build.0 = Debug|Any CPU
		{68505ECD-18FF-4EEC-81DD-77F461D21A37}.Release|Any CPU.ActiveCfg = Release|Any CPU
		{68505ECD-18FF-4EEC-81DD-77F461D21A37}.Release|Any CPU.Build.0 = Release|Any CPU
		{E07DEE4C-4CC4-4D92-9821-DED720A798A1}.Debug|Any CPU.ActiveCfg = Debug|Any CPU
		{E07DEE4C-4CC4-4D92-9821-DED720A798A1}.Debug|Any CPU.Build.0 = Debug|Any CPU
		{E07DEE4C-4CC4-4D92-9821-DED720A798A1}.Release|Any CPU.ActiveCfg = Release|Any CPU
		{E07DEE4C-4CC4-4D92-9821-DED720A798A1}.Release|Any CPU.Build.0 = Release|Any CPU
	EndGlobalSection
EndGlobal
